<?xml version="1.0" encoding="utf-8"?>
<Project ToolsVersion="4.0" xmlns="http://schemas.microsoft.com/developer/msbuild/2003">
  <ItemGroup>
    <Filter Include="Source Files">
      <UniqueIdentifier>{4FC737F1-C7A5-4376-A066-2A32D752A2FF}</UniqueIdentifier>
      <Extensions>cpp;c;cc;cxx;def;odl;idl;hpj;bat;asm;asmx</Extensions>
    </Filter>
    <Filter Include="_precompiled">
      <UniqueIdentifier>{a3e0f2d3-901b-4d6f-8d36-b6d284dff9d5}</UniqueIdentifier>
    </Filter>
    <Filter Include="Source Files\network">
      <UniqueIdentifier>{a392061e-946e-4055-bfe8-a84b78554efa}</UniqueIdentifier>
    </Filter>
    <Filter Include="Source Files\network\endpoint">
      <UniqueIdentifier>{f90005ef-cbaf-4842-a5c6-92cb7504dc78}</UniqueIdentifier>
    </Filter>
    <Filter Include="Source Files\network\tcp">
      <UniqueIdentifier>{2a26805e-a3c6-4ee5-9f99-0e5a9e541171}</UniqueIdentifier>
    </Filter>
    <Filter Include="Source Files\encoding">
      <UniqueIdentifier>{7c269438-7f6d-4275-a0f2-c5568e319a62}</UniqueIdentifier>
    </Filter>
    <Filter Include="Source Files\Win32">
      <UniqueIdentifier>{a8aa884d-ed3b-49e9-8fc0-0fbf0dbb9aec}</UniqueIdentifier>
    </Filter>
  </ItemGroup>
  <ItemGroup>
    <ClCompile Include="stdafx.cpp">
      <Filter>_precompiled</Filter>
    </ClCompile>
    <ClCompile Include="SocketEndpoint.cpp">
      <Filter>Source Files\network\endpoint</Filter>
    </ClCompile>
    <ClCompile Include="SocketEndpointConverter.cpp">
      <Filter>Source Files\network\endpoint</Filter>
    </ClCompile>
    <ClCompile Include="TcpServer.cpp">
      <Filter>Source Files\network\tcp</Filter>
    </ClCompile>
    <ClCompile Include="TcpClient.cpp">
      <Filter>Source Files\network\tcp</Filter>
    </ClCompile>
    <ClCompile Include="CpuUsageSampler.cpp">
      <Filter>Source Files\Win32</Filter>
    </ClCompile>
    <ClCompile Include="DllInjector.cpp">
      <Filter>Source Files\Win32</Filter>
    </ClCompile>
  </ItemGroup>
  <ItemGroup>
    <ClInclude Include="stdafx.h">
      <Filter>_precompiled</Filter>
    </ClInclude>
    <ClInclude Include="strOps.h">
      <Filter>Source Files</Filter>
    </ClInclude>
    <ClInclude Include="networkCommon.h">
      <Filter>Source Files\network</Filter>
    </ClInclude>
    <ClInclude Include="SocketEndpoint.h">
      <Filter>Source Files\network\endpoint</Filter>
    </ClInclude>
    <ClInclude Include="SocketEndpointConverter.h">
      <Filter>Source Files\network\endpoint</Filter>
    </ClInclude>
    <ClInclude Include="TcpServer.h">
      <Filter>Source Files\network\tcp</Filter>
    </ClInclude>
    <ClInclude Include="TcpClient.h">
      <Filter>Source Files\network\tcp</Filter>
    </ClInclude>
    <ClInclude Include="CpuUsageSampler.h">
      <Filter>Source Files\Win32</Filter>
    </ClInclude>
    <ClInclude Include="DllInjector.h">
      <Filter>Source Files\Win32</Filter>
    </ClInclude>
  </ItemGroup>
</Project>